{
  "name": "@hexlet/code",
  "version": "1.0.0",
  "lockfileVersion": 2,
  "requires": true,
  "packages": {
    "": {
      "name": "@hexlet/code",
      "version": "1.0.0",
      "license": "ISC",
      "dependencies": {
        "readline-sync": "^1.4.10"
      },
      "bin": {
        "brain-games": "bin/brain-games.js"
      }
    },
    "node_modules/readline-sync": {
      "version": "1.4.10",
      "resolved": "https://artifactory.infrateam.xyz:443/api/npm/npm/readline-sync/-/readline-sync-1.4.10.tgz",
      "integrity": "sha1-Qd9/u0tjEtZzARWUFFcFv1bYhzs=",
      "license": "MIT",
      "engines": {
        "node": ">= 0.8.0"
      }
    }
  },
  "dependencies": {
    "readline-sync": {
      "version": "1.4.10",
      "resolved": "https://artifactory.infrateam.xyz:443/api/npm/npm/readline-sync/-/readline-sync-1.4.10.tgz",
      "integrity": "sha1-Qd9/u0tjEtZzARWUFFcFv1bYhzs="
    }
  }
}
